
Microsoft Visual Studio Solution File, Format Version 12.00
# Visual Studio Version 17
VisualStudioVersion = 17.9.34723.18
MinimumVisualStudioVersion = 10.0.40219.1
Project("{FAE04EC0-301F-11D3-BF4B-00C04F79EFBC}") = "ActionFilter", "ActionFilter\ActionFilter.csproj", "{BE57DDD4-DA51-46F9-BA0D-3A17CACFC20D}"
EndProject
Global
	GlobalSection(SolutionConfigurationPlatforms) = preSolution
		Debug|Any CPU = Debug|Any CPU
		Release|Any CPU = Release|Any CPU
	EndGlobalSection
	GlobalSection(ProjectConfigurationPlatforms) = postSolution
		{BE57DDD4-DA51-46F9-BA0D-3A17CACFC20D}.Debug|Any CPU.ActiveCfg = Debug|Any CPU
		{BE57DDD4-DA51-46F9-BA0D-3A17CACFC20D}.Debug|Any CPU.Build.0 = Debug|Any CPU
		{BE57DDD4-DA51-46F9-BA0D-3A17CACFC20D}.Release|Any CPU.ActiveCfg = Release|Any CPU
		{BE57DDD4-DA51-46F9-BA0D-3A17CACFC20D}.Release|Any CPU.Build.0 = Release|Any CPU
	EndGlobalSection
	GlobalSection(SolutionProperties) = preSolution
		HideSolutionNode = FALSE
	EndGlobalSection
	GlobalSection(ExtensibilityGlobals) = postSolution
		SolutionGuid = {3440F49E-0F33-4F25-BD9E-81CEC6A7437B}
	EndGlobalSection
EndGlobal
